
Microsoft Visual Studio Solution File, Format Version 12.00
# Visual Studio Version 17
VisualStudioVersion = 17.3.32825.248
MinimumVisualStudioVersion = 10.0.40219.1
Project("{FAE04EC0-301F-11D3-BF4B-00C04F79EFBC}") = "Дурак 1 сем", "Дурак 1 сем\Дурак 1 сем.csproj", "{59372C2F-2B49-4AAD-B287-52FD6EACF51B}"
EndProject
Global
	GlobalSection(SolutionConfigurationPlatforms) = preSolution
		Debug|Any CPU = Debug|Any CPU
		Release|Any CPU = Release|Any CPU
	EndGlobalSection
	GlobalSection(ProjectConfigurationPlatforms) = postSolution
		{59372C2F-2B49-4AAD-B287-52FD6EACF51B}.Debug|Any CPU.ActiveCfg = Debug|Any CPU
		{59372C2F-2B49-4AAD-B287-52FD6EACF51B}.Debug|Any CPU.Build.0 = Debug|Any CPU
		{59372C2F-2B49-4AAD-B287-52FD6EACF51B}.Release|Any CPU.ActiveCfg = Release|Any CPU
		{59372C2F-2B49-4AAD-B287-52FD6EACF51B}.Release|Any CPU.Build.0 = Release|Any CPU
	EndGlobalSection
	GlobalSection(SolutionProperties) = preSolution
		HideSolutionNode = FALSE
	EndGlobalSection
	GlobalSection(ExtensibilityGlobals) = postSolution
		SolutionGuid = {45EBFEB3-97CA-4B04-9D62-850A6B1A304B}
	EndGlobalSection
EndGlobal
