
Microsoft Visual Studio Solution File, Format Version 12.00
# Visual Studio Version 17
VisualStudioVersion = 17.3.32825.248
MinimumVisualStudioVersion = 10.0.40219.1
Project("{9A19103F-16F7-4668-BE54-9A1E7A4F7556}") = "hashes-ghosts", "hashes-ghosts.csproj", "{CDCF2266-7F44-4390-B765-22AB35451FD0}"
EndProject
Global
	GlobalSection(SolutionConfigurationPlatforms) = preSolution
		Debug|Any CPU = Debug|Any CPU
		Release|Any CPU = Release|Any CPU
	EndGlobalSection
	GlobalSection(ProjectConfigurationPlatforms) = postSolution
		{CDCF2266-7F44-4390-B765-22AB35451FD0}.Debug|Any CPU.ActiveCfg = Debug|Any CPU
		{CDCF2266-7F44-4390-B765-22AB35451FD0}.Debug|Any CPU.Build.0 = Debug|Any CPU
		{CDCF2266-7F44-4390-B765-22AB35451FD0}.Release|Any CPU.ActiveCfg = Release|Any CPU
		{CDCF2266-7F44-4390-B765-22AB35451FD0}.Release|Any CPU.Build.0 = Release|Any CPU
	EndGlobalSection
	GlobalSection(SolutionProperties) = preSolution
		HideSolutionNode = FALSE
	EndGlobalSection
	GlobalSection(ExtensibilityGlobals) = postSolution
		SolutionGuid = {55EBEC85-E698-4DBD-97B5-4EF8AFE5A147}
	EndGlobalSection
EndGlobal
